github.com/brianvoe/gofakeit v1.2.0 h1:GGbzCqQx9ync4ObAUhRa3F/M73eL9VZL3X09WoTwphM=
github.com/brianvoe/gofakeit v3.18.0+incompatible h1:wDOmHc9DLG4nRjUVVaxA+CEglKOW72Y5+4WNxUIkjM8=
github.com/brianvoe/gofakeit/v6 v6.3.0 h1:h1M5XPubl81K+41Ry0g5P4Q9a7OCM8FgFf2Heey5j24=
github.com/brianvoe/gofakeit/v6 v6.3.0/go.mod h1:palrJUk4Fyw38zIFB/uBZqsgzW5VsNllhHKKwAebzew=
